
Microsoft Visual Studio Solution File, Format Version 12.00
# Visual Studio 15
VisualStudioVersion = 15.0.27703.2035
MinimumVisualStudioVersion = 10.0.40219.1
Project("{8BC9CEB8-8B4A-11D0-8D11-00A0C91BC942}") = "1002 과제1", "1002 과제1\1002 과제1.vcxproj", "{4DCF7746-FEA1-46D1-8033-27D741A86DA3}"
EndProject
Global
	GlobalSection(SolutionConfigurationPlatforms) = preSolution
		Debug|x64 = Debug|x64
		Debug|x86 = Debug|x86
		Release|x64 = Release|x64
		Release|x86 = Release|x86
	EndGlobalSection
	GlobalSection(ProjectConfigurationPlatforms) = postSolution
		{4DCF7746-FEA1-46D1-8033-27D741A86DA3}.Debug|x64.ActiveCfg = Debug|x64
		{4DCF7746-FEA1-46D1-8033-27D741A86DA3}.Debug|x64.Build.0 = Debug|x64
		{4DCF7746-FEA1-46D1-8033-27D741A86DA3}.Debug|x86.ActiveCfg = Debug|Win32
		{4DCF7746-FEA1-46D1-8033-27D741A86DA3}.Debug|x86.Build.0 = Debug|Win32
		{4DCF7746-FEA1-46D1-8033-27D741A86DA3}.Release|x64.ActiveCfg = Release|x64
		{4DCF7746-FEA1-46D1-8033-27D741A86DA3}.Release|x64.Build.0 = Release|x64
		{4DCF7746-FEA1-46D1-8033-27D741A86DA3}.Release|x86.ActiveCfg = Release|Win32
		{4DCF7746-FEA1-46D1-8033-27D741A86DA3}.Release|x86.Build.0 = Release|Win32
	EndGlobalSection
	GlobalSection(SolutionProperties) = preSolution
		HideSolutionNode = FALSE
	EndGlobalSection
	GlobalSection(ExtensibilityGlobals) = postSolution
		SolutionGuid = {1A33D06C-7BF8-4606-8A64-27662FB7F290}
	EndGlobalSection
EndGlobal
